
Microsoft Visual Studio Solution File, Format Version 12.00
Project("{FAE04EC0-301F-11D3-BF4B-00C04F79EFBC}") = "DungeonApp.Desktop", "src\DungeonApp.Desktop\DungeonApp.Desktop.csproj", "{E2F88D90-122B-471C-9356-403E29AE93BE}"
EndProject
Project("{2150E333-8FDC-42A3-9474-1A3956D46DE8}") = "src", "src", "{827E0CD3-B72D-47B6-A68D-7590B98EB39B}"
EndProject
Project("{FAE04EC0-301F-11D3-BF4B-00C04F79EFBC}") = "DungeonApp.Core", "src\DungeonApp.Core\DungeonApp.Core.csproj", "{C65656AB-52C2-4E38-B1A9-F061A15BB7F1}"
EndProject
Project("{FAE04EC0-301F-11D3-BF4B-00C04F79EFBC}") = "DungeonApp.App", "src\DungeonApp.App\DungeonApp.App.csproj", "{0C11467D-36C4-442A-A07D-9DE3716ED47B}"
EndProject
Project("{FAE04EC0-301F-11D3-BF4B-00C04F79EFBC}") = "DungeonApp.Content.Dnd5e", "src\DungeonApp.Content.Dnd5e\DungeonApp.Content.Dnd5e.csproj", "{1B23D2D9-5FD6-4312-B4E1-F6C457382696}"
EndProject
Project("{2150E333-8FDC-42A3-9474-1A3956D46DE8}") = "tests", "tests", "{0AB3BF05-4346-4AA6-1389-037BE0695223}"
EndProject
Project("{FAE04EC0-301F-11D3-BF4B-00C04F79EFBC}") = "DungeonApp.Core.Tests", "tests\DungeonApp.Core.Tests\DungeonApp.Core.Tests.csproj", "{6F61C0B1-D36B-4D36-8871-904209172FD7}"
EndProject
Project("{FAE04EC0-301F-11D3-BF4B-00C04F79EFBC}") = "DungeonApp.Desktop.Tests", "tests\DungeonApp.Desktop.Tests\DungeonApp.Desktop.Tests.csproj", "{D157233A-C388-4CF0-8A6F-A4CE9D92D00D}"
EndProject
Global
	GlobalSection(SolutionConfigurationPlatforms) = preSolution
		Debug|Any CPU = Debug|Any CPU
		Debug|x64 = Debug|x64
		Debug|x86 = Debug|x86
		Release|Any CPU = Release|Any CPU
		Release|x64 = Release|x64
		Release|x86 = Release|x86
	EndGlobalSection
	GlobalSection(ProjectConfigurationPlatforms) = postSolution
		{E2F88D90-122B-471C-9356-403E29AE93BE}.Debug|Any CPU.ActiveCfg = Debug|Any CPU
		{E2F88D90-122B-471C-9356-403E29AE93BE}.Debug|Any CPU.Build.0 = Debug|Any CPU
		{E2F88D90-122B-471C-9356-403E29AE93BE}.Debug|x64.ActiveCfg = Debug|Any CPU
		{E2F88D90-122B-471C-9356-403E29AE93BE}.Debug|x64.Build.0 = Debug|Any CPU
		{E2F88D90-122B-471C-9356-403E29AE93BE}.Debug|x86.ActiveCfg = Debug|Any CPU
		{E2F88D90-122B-471C-9356-403E29AE93BE}.Debug|x86.Build.0 = Debug|Any CPU
		{E2F88D90-122B-471C-9356-403E29AE93BE}.Release|Any CPU.ActiveCfg = Release|Any CPU
		{E2F88D90-122B-471C-9356-403E29AE93BE}.Release|Any CPU.Build.0 = Release|Any CPU
		{E2F88D90-122B-471C-9356-403E29AE93BE}.Release|x64.ActiveCfg = Release|Any CPU
		{E2F88D90-122B-471C-9356-403E29AE93BE}.Release|x64.Build.0 = Release|Any CPU
		{E2F88D90-122B-471C-9356-403E29AE93BE}.Release|x86.ActiveCfg = Release|Any CPU
		{E2F88D90-122B-471C-9356-403E29AE93BE}.Release|x86.Build.0 = Release|Any CPU
		{C65656AB-52C2-4E38-B1A9-F061A15BB7F1}.Debug|Any CPU.ActiveCfg = Debug|Any CPU
		{C65656AB-52C2-4E38-B1A9-F061A15BB7F1}.Debug|Any CPU.Build.0 = Debug|Any CPU
		{C65656AB-52C2-4E38-B1A9-F061A15BB7F1}.Debug|x64.ActiveCfg = Debug|Any CPU
		{C65656AB-52C2-4E38-B1A9-F061A15BB7F1}.Debug|x64.Build.0 = Debug|Any CPU
		{C65656AB-52C2-4E38-B1A9-F061A15BB7F1}.Debug|x86.ActiveCfg = Debug|Any CPU
		{C65656AB-52C2-4E38-B1A9-F061A15BB7F1}.Debug|x86.Build.0 = Debug|Any CPU
		{C65656AB-52C2-4E38-B1A9-F061A15BB7F1}.Release|Any CPU.ActiveCfg = Release|Any CPU
		{C65656AB-52C2-4E38-B1A9-F061A15BB7F1}.Release|Any CPU.Build.0 = Release|Any CPU
		{C65656AB-52C2-4E38-B1A9-F061A15BB7F1}.Release|x64.ActiveCfg = Release|Any CPU
		{C65656AB-52C2-4E38-B1A9-F061A15BB7F1}.Release|x64.Build.0 = Release|Any CPU
		{C65656AB-52C2-4E38-B1A9-F061A15BB7F1}.Release|x86.ActiveCfg = Release|Any CPU
		{C65656AB-52C2-4E38-B1A9-F061A15BB7F1}.Release|x86.Build.0 = Release|Any CPU
		{0C11467D-36C4-442A-A07D-9DE3716ED47B}.Debug|Any CPU.ActiveCfg = Debug|Any CPU
		{0C11467D-36C4-442A-A07D-9DE3716ED47B}.Debug|Any CPU.Build.0 = Debug|Any CPU
		{0C11467D-36C4-442A-A07D-9DE3716ED47B}.Debug|x64.ActiveCfg = Debug|Any CPU
		{0C11467D-36C4-442A-A07D-9DE3716ED47B}.Debug|x64.Build.0 = Debug|Any CPU
		{0C11467D-36C4-442A-A07D-9DE3716ED47B}.Debug|x86.ActiveCfg = Debug|Any CPU
		{0C11467D-36C4-442A-A07D-9DE3716ED47B}.Debug|x86.Build.0 = Debug|Any CPU
		{0C11467D-36C4-442A-A07D-9DE3716ED47B}.Release|Any CPU.ActiveCfg = Release|Any CPU
		{0C11467D-36C4-442A-A07D-9DE3716ED47B}.Release|Any CPU.Build.0 = Release|Any CPU
		{0C11467D-36C4-442A-A07D-9DE3716ED47B}.Release|x64.ActiveCfg = Release|Any CPU
		{0C11467D-36C4-442A-A07D-9DE3716ED47B}.Release|x64.Build.0 = Release|Any CPU
		{0C11467D-36C4-442A-A07D-9DE3716ED47B}.Release|x86.ActiveCfg = Release|Any CPU
		{0C11467D-36C4-442A-A07D-9DE3716ED47B}.Release|x86.Build.0 = Release|Any CPU
		{1B23D2D9-5FD6-4312-B4E1-F6C457382696}.Debug|Any CPU.ActiveCfg = Debug|Any CPU
		{1B23D2D9-5FD6-4312-B4E1-F6C457382696}.Debug|Any CPU.Build.0 = Debug|Any CPU
		{1B23D2D9-5FD6-4312-B4E1-F6C457382696}.Debug|x64.ActiveCfg = Debug|Any CPU
		{1B23D2D9-5FD6-4312-B4E1-F6C457382696}.Debug|x64.Build.0 = Debug|Any CPU
		{1B23D2D9-5FD6-4312-B4E1-F6C457382696}.Debug|x86.ActiveCfg = Debug|Any CPU
		{1B23D2D9-5FD6-4312-B4E1-F6C457382696}.Debug|x86.Build.0 = Debug|Any CPU
		{1B23D2D9-5FD6-4312-B4E1-F6C457382696}.Release|Any CPU.ActiveCfg = Release|Any CPU
		{1B23D2D9-5FD6-4312-B4E1-F6C457382696}.Release|Any CPU.Build.0 = Release|Any CPU
		{1B23D2D9-5FD6-4312-B4E1-F6C457382696}.Release|x64.ActiveCfg = Release|Any CPU
		{1B23D2D9-5FD6-4312-B4E1-F6C457382696}.Release|x64.Build.0 = Release|Any CPU
		{1B23D2D9-5FD6-4312-B4E1-F6C457382696}.Release|x86.ActiveCfg = Release|Any CPU
		{1B23D2D9-5FD6-4312-B4E1-F6C457382696}.Release|x86.Build.0 = Release|Any CPU
		{6F61C0B1-D36B-4D36-8871-904209172FD7}.Debug|Any CPU.ActiveCfg = Debug|Any CPU
		{6F61C0B1-D36B-4D36-8871-904209172FD7}.Debug|Any CPU.Build.0 = Debug|Any CPU
		{6F61C0B1-D36B-4D36-8871-904209172FD7}.Debug|x64.ActiveCfg = Debug|Any CPU
		{6F61C0B1-D36B-4D36-8871-904209172FD7}.Debug|x64.Build.0 = Debug|Any CPU
		{6F61C0B1-D36B-4D36-8871-904209172FD7}.Debug|x86.ActiveCfg = Debug|Any CPU
		{6F61C0B1-D36B-4D36-8871-904209172FD7}.Debug|x86.Build.0 = Debug|Any CPU
		{6F61C0B1-D36B-4D36-8871-904209172FD7}.Release|Any CPU.ActiveCfg = Release|Any CPU
		{6F61C0B1-D36B-4D36-8871-904209172FD7}.Release|Any CPU.Build.0 = Release|Any CPU
		{6F61C0B1-D36B-4D36-8871-904209172FD7}.Release|x64.ActiveCfg = Release|Any CPU
		{6F61C0B1-D36B-4D36-8871-904209172FD7}.Release|x64.Build.0 = Release|Any CPU
		{6F61C0B1-D36B-4D36-8871-904209172FD7}.Release|x86.ActiveCfg = Release|Any CPU
		{6F61C0B1-D36B-4D36-8871-904209172FD7}.Release|x86.Build.0 = Release|Any CPU
		{D157233A-C388-4CF0-8A6F-A4CE9D92D00D}.Debug|Any CPU.ActiveCfg = Debug|Any CPU
		{D157233A-C388-4CF0-8A6F-A4CE9D92D00D}.Debug|Any CPU.Build.0 = Debug|Any CPU
		{D157233A-C388-4CF0-8A6F-A4CE9D92D00D}.Debug|x64.ActiveCfg = Debug|Any CPU
		{D157233A-C388-4CF0-8A6F-A4CE9D92D00D}.Debug|x64.Build.0 = Debug|Any CPU
		{D157233A-C388-4CF0-8A6F-A4CE9D92D00D}.Debug|x86.ActiveCfg = Debug|Any CPU
		{D157233A-C388-4CF0-8A6F-A4CE9D92D00D}.Debug|x86.Build.0 = Debug|Any CPU
		{D157233A-C388-4CF0-8A6F-A4CE9D92D00D}.Release|Any CPU.ActiveCfg = Release|Any CPU
		{D157233A-C388-4CF0-8A6F-A4CE9D92D00D}.Release|Any CPU.Build.0 = Release|Any CPU
		{D157233A-C388-4CF0-8A6F-A4CE9D92D00D}.Release|x64.ActiveCfg = Release|Any CPU
		{D157233A-C388-4CF0-8A6F-A4CE9D92D00D}.Release|x64.Build.0 = Release|Any CPU
		{D157233A-C388-4CF0-8A6F-A4CE9D92D00D}.Release|x86.ActiveCfg = Release|Any CPU
		{D157233A-C388-4CF0-8A6F-A4CE9D92D00D}.Release|x86.Build.0 = Release|Any CPU
	EndGlobalSection
	GlobalSection(SolutionProperties) = preSolution
		HideSolutionNode = FALSE
	EndGlobalSection
	GlobalSection(NestedProjects) = preSolution
		{E2F88D90-122B-471C-9356-403E29AE93BE} = {827E0CD3-B72D-47B6-A68D-7590B98EB39B}
		{C65656AB-52C2-4E38-B1A9-F061A15BB7F1} = {827E0CD3-B72D-47B6-A68D-7590B98EB39B}
		{0C11467D-36C4-442A-A07D-9DE3716ED47B} = {827E0CD3-B72D-47B6-A68D-7590B98EB39B}
		{1B23D2D9-5FD6-4312-B4E1-F6C457382696} = {827E0CD3-B72D-47B6-A68D-7590B98EB39B}
		{6F61C0B1-D36B-4D36-8871-904209172FD7} = {0AB3BF05-4346-4AA6-1389-037BE0695223}
		{D157233A-C388-4CF0-8A6F-A4CE9D92D00D} = {0AB3BF05-4346-4AA6-1389-037BE0695223}
	EndGlobalSection
EndGlobal
